
Microsoft Visual Studio Solution File, Format Version 12.00
# Visual Studio Version 16
VisualStudioVersion = 16.0.31005.135
MinimumVisualStudioVersion = 10.0.40219.1
Project("{9A19103F-16F7-4668-BE54-9A1E7A4F7556}") = "ZigBeeDataGathering", "ZigBeeDataGathering\ZigBeeDataGathering.csproj", "{F8B8F057-2240-4A6B-BA9C-7EC20D0BD1D7}"
EndProject
Project("{FAE04EC0-301F-11D3-BF4B-00C04F79EFBC}") = "AkkaSysBase", "AkkaSysBase\AkkaSysBase.csproj", "{C355DF27-0508-448C-8E35-489E45070F72}"
EndProject
Project("{FAE04EC0-301F-11D3-BF4B-00C04F79EFBC}") = "LogSender", "LogSender\LogSender.csproj", "{A833A450-1290-4A7B-B71A-D914D1A268D3}"
EndProject
Project("{FAE04EC0-301F-11D3-BF4B-00C04F79EFBC}") = "Model", "Model\Model.csproj", "{BE1A8623-6F1E-4385-8D35-5EBA9320C995}"
EndProject
Project("{FAE04EC0-301F-11D3-BF4B-00C04F79EFBC}") = "Core", "Core\Core.csproj", "{04466EA9-E9D5-415C-B6ED-7C7C287F4594}"
EndProject
Global
	GlobalSection(SolutionConfigurationPlatforms) = preSolution
		Debug|Any CPU = Debug|Any CPU
		Release|Any CPU = Release|Any CPU
	EndGlobalSection
	GlobalSection(ProjectConfigurationPlatforms) = postSolution
		{F8B8F057-2240-4A6B-BA9C-7EC20D0BD1D7}.Debug|Any CPU.ActiveCfg = Debug|Any CPU
		{F8B8F057-2240-4A6B-BA9C-7EC20D0BD1D7}.Debug|Any CPU.Build.0 = Debug|Any CPU
		{F8B8F057-2240-4A6B-BA9C-7EC20D0BD1D7}.Release|Any CPU.ActiveCfg = Release|Any CPU
		{F8B8F057-2240-4A6B-BA9C-7EC20D0BD1D7}.Release|Any CPU.Build.0 = Release|Any CPU
		{C355DF27-0508-448C-8E35-489E45070F72}.Debug|Any CPU.ActiveCfg = Debug|Any CPU
		{C355DF27-0508-448C-8E35-489E45070F72}.Debug|Any CPU.Build.0 = Debug|Any CPU
		{C355DF27-0508-448C-8E35-489E45070F72}.Release|Any CPU.ActiveCfg = Release|Any CPU
		{C355DF27-0508-448C-8E35-489E45070F72}.Release|Any CPU.Build.0 = Release|Any CPU
		{A833A450-1290-4A7B-B71A-D914D1A268D3}.Debug|Any CPU.ActiveCfg = Debug|Any CPU
		{A833A450-1290-4A7B-B71A-D914D1A268D3}.Debug|Any CPU.Build.0 = Debug|Any CPU
		{A833A450-1290-4A7B-B71A-D914D1A268D3}.Release|Any CPU.ActiveCfg = Release|Any CPU
		{A833A450-1290-4A7B-B71A-D914D1A268D3}.Release|Any CPU.Build.0 = Release|Any CPU
		{BE1A8623-6F1E-4385-8D35-5EBA9320C995}.Debug|Any CPU.ActiveCfg = Debug|Any CPU
		{BE1A8623-6F1E-4385-8D35-5EBA9320C995}.Debug|Any CPU.Build.0 = Debug|Any CPU
		{BE1A8623-6F1E-4385-8D35-5EBA9320C995}.Release|Any CPU.ActiveCfg = Release|Any CPU
		{BE1A8623-6F1E-4385-8D35-5EBA9320C995}.Release|Any CPU.Build.0 = Release|Any CPU
		{04466EA9-E9D5-415C-B6ED-7C7C287F4594}.Debug|Any CPU.ActiveCfg = Debug|Any CPU
		{04466EA9-E9D5-415C-B6ED-7C7C287F4594}.Debug|Any CPU.Build.0 = Debug|Any CPU
		{04466EA9-E9D5-415C-B6ED-7C7C287F4594}.Release|Any CPU.ActiveCfg = Release|Any CPU
		{04466EA9-E9D5-415C-B6ED-7C7C287F4594}.Release|Any CPU.Build.0 = Release|Any CPU
	EndGlobalSection
	GlobalSection(SolutionProperties) = preSolution
		HideSolutionNode = FALSE
	EndGlobalSection
	GlobalSection(ExtensibilityGlobals) = postSolution
		SolutionGuid = {2A2A299D-01F0-42B0-AE5E-2989B6874A28}
	EndGlobalSection
EndGlobal
